
Microsoft Visual Studio Solution File, Format Version 12.00
# Visual Studio Version 17
VisualStudioVersion = 17.6.33723.286
MinimumVisualStudioVersion = 10.0.40219.1
Project("{FAE04EC0-301F-11D3-BF4B-00C04F79EFBC}") = "ComputerEcommerce", "ComputerEcommerce\ComputerEcommerce.csproj", "{E9B8791F-35F8-4A5F-907F-55C9B4D64C3B}"
EndProject
Global
	GlobalSection(SolutionConfigurationPlatforms) = preSolution
		Debug|Any CPU = Debug|Any CPU
		Release|Any CPU = Release|Any CPU
	EndGlobalSection
	GlobalSection(ProjectConfigurationPlatforms) = postSolution
		{E9B8791F-35F8-4A5F-907F-55C9B4D64C3B}.Debug|Any CPU.ActiveCfg = Debug|Any CPU
		{E9B8791F-35F8-4A5F-907F-55C9B4D64C3B}.Debug|Any CPU.Build.0 = Debug|Any CPU
		{E9B8791F-35F8-4A5F-907F-55C9B4D64C3B}.Release|Any CPU.ActiveCfg = Release|Any CPU
		{E9B8791F-35F8-4A5F-907F-55C9B4D64C3B}.Release|Any CPU.Build.0 = Release|Any CPU
	EndGlobalSection
	GlobalSection(SolutionProperties) = preSolution
		HideSolutionNode = FALSE
	EndGlobalSection
	GlobalSection(ExtensibilityGlobals) = postSolution
		SolutionGuid = {A4313CB6-D7E0-42BB-AC43-63E5EDE96F39}
	EndGlobalSection
EndGlobal
