
Microsoft Visual Studio Solution File, Format Version 12.00
# Visual Studio Version 17
VisualStudioVersion = 17.5.33627.172
MinimumVisualStudioVersion = 10.0.40219.1
Project("{FAE04EC0-301F-11D3-BF4B-00C04F79EFBC}") = "CodeFirst", "CodeFirst\CodeFirst.csproj", "{4C0A0FA3-68BE-4FDC-88C6-7ED1E4FD0556}"
EndProject
Global
	GlobalSection(SolutionConfigurationPlatforms) = preSolution
		Debug|Any CPU = Debug|Any CPU
		Release|Any CPU = Release|Any CPU
	EndGlobalSection
	GlobalSection(ProjectConfigurationPlatforms) = postSolution
		{4C0A0FA3-68BE-4FDC-88C6-7ED1E4FD0556}.Debug|Any CPU.ActiveCfg = Debug|Any CPU
		{4C0A0FA3-68BE-4FDC-88C6-7ED1E4FD0556}.Debug|Any CPU.Build.0 = Debug|Any CPU
		{4C0A0FA3-68BE-4FDC-88C6-7ED1E4FD0556}.Release|Any CPU.ActiveCfg = Release|Any CPU
		{4C0A0FA3-68BE-4FDC-88C6-7ED1E4FD0556}.Release|Any CPU.Build.0 = Release|Any CPU
	EndGlobalSection
	GlobalSection(SolutionProperties) = preSolution
		HideSolutionNode = FALSE
	EndGlobalSection
	GlobalSection(ExtensibilityGlobals) = postSolution
		SolutionGuid = {44A07E59-6316-4A5D-8D57-F2CCEFFB1DBD}
	EndGlobalSection
EndGlobal
