
Microsoft Visual Studio Solution File, Format Version 12.00
# Visual Studio Version 17
VisualStudioVersion = 17.3.32929.385
MinimumVisualStudioVersion = 10.0.40219.1
Project("{FAE04EC0-301F-11D3-BF4B-00C04F79EFBC}") = "GuessTheNumber", "GuessTheNumber\GuessTheNumber.csproj", "{AE7E8B5E-B145-4C4F-8346-AD54AC3DD280}"
EndProject
Global
	GlobalSection(SolutionConfigurationPlatforms) = preSolution
		Debug|Any CPU = Debug|Any CPU
		Release|Any CPU = Release|Any CPU
	EndGlobalSection
	GlobalSection(ProjectConfigurationPlatforms) = postSolution
		{AE7E8B5E-B145-4C4F-8346-AD54AC3DD280}.Debug|Any CPU.ActiveCfg = Debug|Any CPU
		{AE7E8B5E-B145-4C4F-8346-AD54AC3DD280}.Debug|Any CPU.Build.0 = Debug|Any CPU
		{AE7E8B5E-B145-4C4F-8346-AD54AC3DD280}.Release|Any CPU.ActiveCfg = Release|Any CPU
		{AE7E8B5E-B145-4C4F-8346-AD54AC3DD280}.Release|Any CPU.Build.0 = Release|Any CPU
	EndGlobalSection
	GlobalSection(SolutionProperties) = preSolution
		HideSolutionNode = FALSE
	EndGlobalSection
	GlobalSection(ExtensibilityGlobals) = postSolution
		SolutionGuid = {2549AD59-FE17-417E-9C61-2028DBEDAFE1}
	EndGlobalSection
EndGlobal
