
Microsoft Visual Studio Solution File, Format Version 12.00
# Visual Studio Version 17
VisualStudioVersion = 17.3.32929.385
MinimumVisualStudioVersion = 10.0.40219.1
Project("{9A19103F-16F7-4668-BE54-9A1E7A4F7556}") = "User Panel", "ElectronicsStore(Project)\User Panel.csproj", "{EA9D6D70-6864-4BA3-B23E-84F8187CB533}"
EndProject
Project("{FAE04EC0-301F-11D3-BF4B-00C04F79EFBC}") = "AdminPanel", "AdminPanel\AdminPanel.csproj", "{A252FA5F-5B25-4654-9328-802C4F1ED86C}"
EndProject
Project("{FAE04EC0-301F-11D3-BF4B-00C04F79EFBC}") = "Serialize", "Serialize\Serialize.csproj", "{BA3732F5-87D7-4541-8B15-4E985A9AED4A}"
EndProject
Global
	GlobalSection(SolutionConfigurationPlatforms) = preSolution
		Debug|Any CPU = Debug|Any CPU
		Release|Any CPU = Release|Any CPU
	EndGlobalSection
	GlobalSection(ProjectConfigurationPlatforms) = postSolution
		{EA9D6D70-6864-4BA3-B23E-84F8187CB533}.Debug|Any CPU.ActiveCfg = Debug|Any CPU
		{EA9D6D70-6864-4BA3-B23E-84F8187CB533}.Debug|Any CPU.Build.0 = Debug|Any CPU
		{EA9D6D70-6864-4BA3-B23E-84F8187CB533}.Release|Any CPU.ActiveCfg = Release|Any CPU
		{EA9D6D70-6864-4BA3-B23E-84F8187CB533}.Release|Any CPU.Build.0 = Release|Any CPU
		{A252FA5F-5B25-4654-9328-802C4F1ED86C}.Debug|Any CPU.ActiveCfg = Debug|Any CPU
		{A252FA5F-5B25-4654-9328-802C4F1ED86C}.Debug|Any CPU.Build.0 = Debug|Any CPU
		{A252FA5F-5B25-4654-9328-802C4F1ED86C}.Release|Any CPU.ActiveCfg = Release|Any CPU
		{A252FA5F-5B25-4654-9328-802C4F1ED86C}.Release|Any CPU.Build.0 = Release|Any CPU
		{BA3732F5-87D7-4541-8B15-4E985A9AED4A}.Debug|Any CPU.ActiveCfg = Debug|Any CPU
		{BA3732F5-87D7-4541-8B15-4E985A9AED4A}.Debug|Any CPU.Build.0 = Debug|Any CPU
		{BA3732F5-87D7-4541-8B15-4E985A9AED4A}.Release|Any CPU.ActiveCfg = Release|Any CPU
		{BA3732F5-87D7-4541-8B15-4E985A9AED4A}.Release|Any CPU.Build.0 = Release|Any CPU
	EndGlobalSection
	GlobalSection(SolutionProperties) = preSolution
		HideSolutionNode = FALSE
	EndGlobalSection
	GlobalSection(ExtensibilityGlobals) = postSolution
		SolutionGuid = {94B2C411-79BD-43EA-98ED-7B090F2E91A4}
	EndGlobalSection
EndGlobal
