
Microsoft Visual Studio Solution File, Format Version 12.00
# Visual Studio Version 17
VisualStudioVersion = 17.6.33723.286
MinimumVisualStudioVersion = 10.0.40219.1
Project("{FAE04EC0-301F-11D3-BF4B-00C04F79EFBC}") = "APIAsync", "APIAsync\APIAsync.csproj", "{A8F9D84B-F37C-409D-A87C-FE011BB64C73}"
EndProject
Global
	GlobalSection(SolutionConfigurationPlatforms) = preSolution
		Debug|Any CPU = Debug|Any CPU
		Release|Any CPU = Release|Any CPU
	EndGlobalSection
	GlobalSection(ProjectConfigurationPlatforms) = postSolution
		{A8F9D84B-F37C-409D-A87C-FE011BB64C73}.Debug|Any CPU.ActiveCfg = Debug|Any CPU
		{A8F9D84B-F37C-409D-A87C-FE011BB64C73}.Debug|Any CPU.Build.0 = Debug|Any CPU
		{A8F9D84B-F37C-409D-A87C-FE011BB64C73}.Release|Any CPU.ActiveCfg = Release|Any CPU
		{A8F9D84B-F37C-409D-A87C-FE011BB64C73}.Release|Any CPU.Build.0 = Release|Any CPU
	EndGlobalSection
	GlobalSection(SolutionProperties) = preSolution
		HideSolutionNode = FALSE
	EndGlobalSection
	GlobalSection(ExtensibilityGlobals) = postSolution
		SolutionGuid = {90B36677-2240-42BE-B9EB-F3F30238A44E}
	EndGlobalSection
EndGlobal
