
Microsoft Visual Studio Solution File, Format Version 12.00
# Visual Studio Version 17
VisualStudioVersion = 17.3.32929.385
MinimumVisualStudioVersion = 10.0.40219.1
Project("{FAE04EC0-301F-11D3-BF4B-00C04F79EFBC}") = "ToDoList", "ToDoList\ToDoList.csproj", "{2A417E78-CDF9-411B-B22A-FC09D7A59311}"
EndProject
Global
	GlobalSection(SolutionConfigurationPlatforms) = preSolution
		Debug|Any CPU = Debug|Any CPU
		Release|Any CPU = Release|Any CPU
	EndGlobalSection
	GlobalSection(ProjectConfigurationPlatforms) = postSolution
		{2A417E78-CDF9-411B-B22A-FC09D7A59311}.Debug|Any CPU.ActiveCfg = Debug|Any CPU
		{2A417E78-CDF9-411B-B22A-FC09D7A59311}.Debug|Any CPU.Build.0 = Debug|Any CPU
		{2A417E78-CDF9-411B-B22A-FC09D7A59311}.Release|Any CPU.ActiveCfg = Release|Any CPU
		{2A417E78-CDF9-411B-B22A-FC09D7A59311}.Release|Any CPU.Build.0 = Release|Any CPU
	EndGlobalSection
	GlobalSection(SolutionProperties) = preSolution
		HideSolutionNode = FALSE
	EndGlobalSection
	GlobalSection(ExtensibilityGlobals) = postSolution
		SolutionGuid = {55CD13F6-25AF-47A4-9E2F-45ED45E2C44B}
	EndGlobalSection
EndGlobal
